
Microsoft Visual Studio Solution File, Format Version 12.00
# Visual Studio Version 17
VisualStudioVersion = 17.14.36518.9 d17.14
MinimumVisualStudioVersion = 10.0.40219.1
Project("{FAE04EC0-301F-11D3-BF4B-00C04F79EFBC}") = "SparkViewClub", "SparkViewClub\SparkViewClub.csproj", "{D81D08E4-00A9-419E-B001-F97CE557A343}"
EndProject
Global
	GlobalSection(SolutionConfigurationPlatforms) = preSolution
		Debug|Any CPU = Debug|Any CPU
		Release|Any CPU = Release|Any CPU
	EndGlobalSection
	GlobalSection(ProjectConfigurationPlatforms) = postSolution
		{D81D08E4-00A9-419E-B001-F97CE557A343}.Debug|Any CPU.ActiveCfg = Debug|Any CPU
		{D81D08E4-00A9-419E-B001-F97CE557A343}.Debug|Any CPU.Build.0 = Debug|Any CPU
		{D81D08E4-00A9-419E-B001-F97CE557A343}.Release|Any CPU.ActiveCfg = Release|Any CPU
		{D81D08E4-00A9-419E-B001-F97CE557A343}.Release|Any CPU.Build.0 = Release|Any CPU
	EndGlobalSection
	GlobalSection(SolutionProperties) = preSolution
		HideSolutionNode = FALSE
	EndGlobalSection
	GlobalSection(ExtensibilityGlobals) = postSolution
		SolutionGuid = {0F848620-6EBA-4569-B6DB-961D07AD4A94}
	EndGlobalSection
EndGlobal
